
Microsoft Visual Studio Solution File, Format Version 12.00
# Visual Studio Version 16
VisualStudioVersion = 16.0.32901.82
MinimumVisualStudioVersion = 10.0.40219.1
Project("{9A19103F-16F7-4668-BE54-9A1E7A4F7556}") = "Administrador.Hamber.blazor", "Administrador.Hamber.blazor.csproj", "{0C01E42D-F5B8-4BF9-A05D-327CF4DBFF16}"
EndProject
Global
	GlobalSection(SolutionConfigurationPlatforms) = preSolution
		Debug|Any CPU = Debug|Any CPU
		Release|Any CPU = Release|Any CPU
	EndGlobalSection
	GlobalSection(ProjectConfigurationPlatforms) = postSolution
		{0C01E42D-F5B8-4BF9-A05D-327CF4DBFF16}.Debug|Any CPU.ActiveCfg = Debug|Any CPU
		{0C01E42D-F5B8-4BF9-A05D-327CF4DBFF16}.Debug|Any CPU.Build.0 = Debug|Any CPU
		{0C01E42D-F5B8-4BF9-A05D-327CF4DBFF16}.Release|Any CPU.ActiveCfg = Release|Any CPU
		{0C01E42D-F5B8-4BF9-A05D-327CF4DBFF16}.Release|Any CPU.Build.0 = Release|Any CPU
	EndGlobalSection
	GlobalSection(SolutionProperties) = preSolution
		HideSolutionNode = FALSE
	EndGlobalSection
	GlobalSection(ExtensibilityGlobals) = postSolution
		SolutionGuid = {BAA856C2-C723-413B-87D9-8DC664604135}
	EndGlobalSection
EndGlobal
